
Microsoft Visual Studio Solution File, Format Version 12.00
# Visual Studio Version 17
VisualStudioVersion = 17.3.32811.315
MinimumVisualStudioVersion = 10.0.40219.1
Project("{9A19103F-16F7-4668-BE54-9A1E7A4F7556}") = "MobileWeb", "MobileWeb.csproj", "{95AC60B3-4C67-4262-AEE7-CE61A0593CC9}"
EndProject
Global
	GlobalSection(SolutionConfigurationPlatforms) = preSolution
		Debug|Any CPU = Debug|Any CPU
		Release|Any CPU = Release|Any CPU
	EndGlobalSection
	GlobalSection(ProjectConfigurationPlatforms) = postSolution
		{95AC60B3-4C67-4262-AEE7-CE61A0593CC9}.Debug|Any CPU.ActiveCfg = Debug|Any CPU
		{95AC60B3-4C67-4262-AEE7-CE61A0593CC9}.Debug|Any CPU.Build.0 = Debug|Any CPU
		{95AC60B3-4C67-4262-AEE7-CE61A0593CC9}.Release|Any CPU.ActiveCfg = Release|Any CPU
		{95AC60B3-4C67-4262-AEE7-CE61A0593CC9}.Release|Any CPU.Build.0 = Release|Any CPU
	EndGlobalSection
	GlobalSection(SolutionProperties) = preSolution
		HideSolutionNode = FALSE
	EndGlobalSection
	GlobalSection(ExtensibilityGlobals) = postSolution
		SolutionGuid = {4DFD8F80-DD0E-45F5-8321-301F02C258D9}
	EndGlobalSection
EndGlobal
